
Microsoft Visual Studio Solution File, Format Version 12.00
# Visual Studio Version 16
VisualStudioVersion = 16.0.30413.136
MinimumVisualStudioVersion = 10.0.40219.1
Project("{FAE04EC0-301F-11D3-BF4B-00C04F79EFBC}") = "Server", "Server\Server.csproj", "{D66C8DF0-F134-4324-9723-AD295FBC22AF}"
EndProject
Project("{FAE04EC0-301F-11D3-BF4B-00C04F79EFBC}") = "Services", "..\..\Services\Services\Services\Services.csproj", "{DCB5BDE2-6238-422D-AD4E-F53AFCE9BF30}"
EndProject
Project("{FAE04EC0-301F-11D3-BF4B-00C04F79EFBC}") = "EntityCache", "EntityCache\EntityCache.csproj", "{1A4646C8-5552-41F2-93AA-A37E7B867AF3}"
EndProject
Project("{FAE04EC0-301F-11D3-BF4B-00C04F79EFBC}") = "Persistence", "Persistence\Persistence.csproj", "{4624CDBB-1744-4638-A49F-EC3F5F1CD485}"
EndProject
Global
	GlobalSection(SolutionConfigurationPlatforms) = preSolution
		Debug|Any CPU = Debug|Any CPU
		Release|Any CPU = Release|Any CPU
	EndGlobalSection
	GlobalSection(ProjectConfigurationPlatforms) = postSolution
		{D66C8DF0-F134-4324-9723-AD295FBC22AF}.Debug|Any CPU.ActiveCfg = Debug|Any CPU
		{D66C8DF0-F134-4324-9723-AD295FBC22AF}.Debug|Any CPU.Build.0 = Debug|Any CPU
		{D66C8DF0-F134-4324-9723-AD295FBC22AF}.Release|Any CPU.ActiveCfg = Release|Any CPU
		{D66C8DF0-F134-4324-9723-AD295FBC22AF}.Release|Any CPU.Build.0 = Release|Any CPU
		{DCB5BDE2-6238-422D-AD4E-F53AFCE9BF30}.Debug|Any CPU.ActiveCfg = Debug|Any CPU
		{DCB5BDE2-6238-422D-AD4E-F53AFCE9BF30}.Debug|Any CPU.Build.0 = Debug|Any CPU
		{DCB5BDE2-6238-422D-AD4E-F53AFCE9BF30}.Release|Any CPU.ActiveCfg = Release|Any CPU
		{DCB5BDE2-6238-422D-AD4E-F53AFCE9BF30}.Release|Any CPU.Build.0 = Release|Any CPU
		{1A4646C8-5552-41F2-93AA-A37E7B867AF3}.Debug|Any CPU.ActiveCfg = Debug|Any CPU
		{1A4646C8-5552-41F2-93AA-A37E7B867AF3}.Debug|Any CPU.Build.0 = Debug|Any CPU
		{1A4646C8-5552-41F2-93AA-A37E7B867AF3}.Release|Any CPU.ActiveCfg = Release|Any CPU
		{1A4646C8-5552-41F2-93AA-A37E7B867AF3}.Release|Any CPU.Build.0 = Release|Any CPU
		{4624CDBB-1744-4638-A49F-EC3F5F1CD485}.Debug|Any CPU.ActiveCfg = Debug|Any CPU
		{4624CDBB-1744-4638-A49F-EC3F5F1CD485}.Debug|Any CPU.Build.0 = Debug|Any CPU
		{4624CDBB-1744-4638-A49F-EC3F5F1CD485}.Release|Any CPU.ActiveCfg = Release|Any CPU
		{4624CDBB-1744-4638-A49F-EC3F5F1CD485}.Release|Any CPU.Build.0 = Release|Any CPU
	EndGlobalSection
	GlobalSection(SolutionProperties) = preSolution
		HideSolutionNode = FALSE
	EndGlobalSection
	GlobalSection(ExtensibilityGlobals) = postSolution
		SolutionGuid = {654168E5-3F06-48A9-B372-8BBAE71DC79E}
	EndGlobalSection
EndGlobal
